Microsoft Visual Studio Solution File, Format Version 12.00
# Visual Studio Version 17
VisualStudioVersion = 17.13.35828.75
MinimumVisualStudioVersion = 10.0.40219.1
Project("{2150E333-8FDC-42A3-9474-1A3956D46DE8}") = "Services", "Services", "{02EA681E-C7D8-13C7-8484-4AC65E1B71E8}"
EndProject
Project("{2150E333-8FDC-42A3-9474-1A3956D46DE8}") = "Catalog", "Catalog", "{BB104DC6-D9F1-4405-B2E4-9E9C73E1F09E}"
EndProject
Project("{FAE04EC0-301F-11D3-BF4B-00C04F79EFBC}") = "Catalog.API", "Services\Catalog\Catalog.API\Catalog.API.csproj", "{85CF9103-0264-4D79-8EE8-E4979289621F}"
EndProject
Project("{2150E333-8FDC-42A3-9474-1A3956D46DE8}") = "BuildingBlocks", "BuildingBlocks", "{A8A69557-EC37-4CE7-96D4-3F718CF3B383}"
EndProject
Project("{FAE04EC0-301F-11D3-BF4B-00C04F79EFBC}") = "BuildingBlocks", "BuildingBlocks\BuildingBlocks\BuildingBlocks.csproj", "{C8A2E077-079C-4560-914F-278C138552EC}"
EndProject
Global
	GlobalSection(SolutionConfigurationPlatforms) = preSolution
		Debug|Any CPU = Debug|Any CPU
		Release|Any CPU = Release|Any CPU
	EndGlobalSection
	GlobalSection(ProjectConfigurationPlatforms) = postSolution
		{85CF9103-0264-4D79-8EE8-E4979289621F}.Debug|Any CPU.ActiveCfg = Debug|Any CPU
		{85CF9103-0264-4D79-8EE8-E4979289621F}.Debug|Any CPU.Build.0 = Debug|Any CPU
		{85CF9103-0264-4D79-8EE8-E4979289621F}.Release|Any CPU.ActiveCfg = Release|Any CPU
		{85CF9103-0264-4D79-8EE8-E4979289621F}.Release|Any CPU.Build.0 = Release|Any CPU
		{C8A2E077-079C-4560-914F-278C138552EC}.Debug|Any CPU.ActiveCfg = Debug|Any CPU
		{C8A2E077-079C-4560-914F-278C138552EC}.Debug|Any CPU.Build.0 = Debug|Any CPU
		{C8A2E077-079C-4560-914F-278C138552EC}.Release|Any CPU.ActiveCfg = Release|Any CPU
		{C8A2E077-079C-4560-914F-278C138552EC}.Release|Any CPU.Build.0 = Release|Any CPU
	EndGlobalSection
	GlobalSection(SolutionProperties) = preSolution
		HideSolutionNode = FALSE
	EndGlobalSection
	GlobalSection(NestedProjects) = preSolution
		{BB104DC6-D9F1-4405-B2E4-9E9C73E1F09E} = {02EA681E-C7D8-13C7-8484-4AC65E1B71E8}
		{85CF9103-0264-4D79-8EE8-E4979289621F} = {BB104DC6-D9F1-4405-B2E4-9E9C73E1F09E}
		{C8A2E077-079C-4560-914F-278C138552EC} = {A8A69557-EC37-4CE7-96D4-3F718CF3B383}
	EndGlobalSection
	GlobalSection(ExtensibilityGlobals) = postSolution
		SolutionGuid = {5737DA0D-1248-4C9F-A0DF-8733AD54ED40}
	EndGlobalSection
EndGlobal
